{
    "_meta": {
        "hash": {
            "sha256": "a36a5392bb1e8bbc06bfaa0761e52593cf2d83b486696bf54667ba8da616c839"
        },
        "pipfile-spec": 6,
        "requires": {
            "python_version": "3.8"
        },
        "sources": [
            {
                "name": "pypi",
                "url": "https://pypi.org/simple",
                "verify_ssl": true
            }
        ]
    },
    "default": {
         "django": {
            "hashes": [
                "sha256:6fcc3cbd55b16f9a01f37de8bcbe286e0ea22e87096557f1511051780338eaea",
                "sha256:bb407d0bb46395ca1241f829f5bd03f7e482f97f7d1936e26e98dacb201ed4ec"
            ],
            "index": "pypi",
            "version": "==2.2.1"
        },
    },
    "develop": {}
}
